<Solution>
  <Folder Name="/Tests/">
    <Project Path="../test/KetupaPredicates.Tests.MSTest/KetupaPredicates.Tests.MSTest.csproj" />
    <Project Path="../test/KetupaPredicates.Tests.MSTest5.0/KetupaPredicates.Tests.MSTest5.0.csproj" />
    <Project Path="../test/KetupaPredicates.Tests.MSTest6.0/KetupaPredicates.Tests.MSTest6.0.csproj" />
    <Project Path="../test/KetupaPredicates.Tests.MSTest8.0/KetupaPredicates.Tests.MSTest8.0.csproj" />
    <Project Path="../test/KetupaPredicates.Tests.MSTestStandard2.0/KetupaPredicates.Tests.MSTestStandard2.0.csproj" />
  </Folder>
  <Folder Name="/Toolkit/">
    <Project Path="KetupaPredicatesCli/KetupaPredicatesCli.csproj" />
    <Project Path="KetupaPredicatesInspector/KetupaPredicatesInspector.csproj" />
  </Folder>
  <Project Path="KetupaPredicates/KetupaPredicates.csproj" />
</Solution>
